// !$*UTF8*$!
{
	archiveVersion = 1;
	classes = {
	};
	objectVersion = 77;
	objects = {

/* Begin PBXBuildFile section */
		054779928135E5E7561E2B71 /* FleetHubTests.swift in Sources */ = {isa = PBXBuildFile; fileRef = 7B704AF39E5CC584C317CDFF /* FleetHubTests.swift */; };
		16A4F116FEFF3AB674457A9E /* TitaniumStyle.swift in Sources */ = {isa = PBXBuildFile; fileRef = 04C9E888944560B849DF7DFD /* TitaniumStyle.swift */; };
		28046202DEBAD809BDBD2D87 /* SidebarViews.swift in Sources */ = {isa = PBXBuildFile; fileRef = 90248077BE71DE75C0947E10 /* SidebarViews.swift */; };
		36F17450961CE84915E159B0 /* Assets.xcassets in Resources */ = {isa = PBXBuildFile; fileRef = 8F77734466DE353D3C455BB1 /* Assets.xcassets */; };
		7E4CAE750F213C594D664602 /* FleetStore.swift in Sources */ = {isa = PBXBuildFile; fileRef = C88DD2D20B7023401439699C /* FleetStore.swift */; };
		A05C8E1902B8B662508B4EEB /* FleetWorkspace.swift in Sources */ = {isa = PBXBuildFile; fileRef = 6811782891FCA4B518C6C090 /* FleetWorkspace.swift */; };
		C0FC50CFB369C6EDFEDD4C13 /* FleetHubUITests.swift in Sources */ = {isa = PBXBuildFile; fileRef = 49B145BF4474DB32DD1BAD00 /* FleetHubUITests.swift */; };
		CC95BB643121EBCCA366C090 /* titanium.json in Resources */ = {isa = PBXBuildFile; fileRef = 2B34CB87E7F673CA80EE05B6 /* titanium.json */; };
		D08CCB6BA25074ECF987D33A /* FleetWebView.swift in Sources */ = {isa = PBXBuildFile; fileRef = 76958456E0055ED81DABD5FD /* FleetWebView.swift */; };
		D4CF24362D0609649933EADB /* Models.swift in Sources */ = {isa = PBXBuildFile; fileRef = D8ADF1B3E850B159B52ED8DD /* Models.swift */; };
		E383B0135266FB014B9385D3 /* FleetHubApp.swift in Sources */ = {isa = PBXBuildFile; fileRef = 594521259BA14B77BB826A32 /* FleetHubApp.swift */; };
/* End PBXBuildFile section */

/* Begin PBXContainerItemProxy section */
		7A69A40C9801081A718413A9 /* PBXContainerItemProxy */ = {
			isa = PBXContainerItemProxy;
			containerPortal = 97B5EE9F7192D086AC71ED2D /* Project object */;
			proxyType = 1;
			remoteGlobalIDString = 66E5B674FCFE3A3CB98E59E8;
			remoteInfo = FleetHub;
		};
		C8F54E0EAC6921E486DCF4AF /* PBXContainerItemProxy */ = {
			isa = PBXContainerItemProxy;
			containerPortal = 97B5EE9F7192D086AC71ED2D /* Project object */;
			proxyType = 1;
			remoteGlobalIDString = 66E5B674FCFE3A3CB98E59E8;
			remoteInfo = FleetHub;
		};
/* End PBXContainerItemProxy section */

/* Begin PBXFileReference section */
		04C9E888944560B849DF7DFD /* TitaniumStyle.swift */ = {isa = PBXFileReference; lastKnownFileType = sourcecode.swift; path = TitaniumStyle.swift; sourceTree = "<group>"; };
		0DC6316646EDA892B1814F14 /* Info.plist */ = {isa = PBXFileReference; lastKnownFileType = text.plist; path = Info.plist; sourceTree = "<group>"; };
		2B34CB87E7F673CA80EE05B6 /* titanium.json */ = {isa = PBXFileReference; lastKnownFileType = text.json; path = titanium.json; sourceTree = "<group>"; };
		2D76CAE56A17808F76094E55 /* FleetHubTests.xctest */ = {isa = PBXFileReference; includeInIndex = 0; lastKnownFileType = wrapper.cfbundle; path = FleetHubTests.xctest; sourceTree = BUILT_PRODUCTS_DIR; };
		49B145BF4474DB32DD1BAD00 /* FleetHubUITests.swift */ = {isa = PBXFileReference; lastKnownFileType = sourcecode.swift; path = FleetHubUITests.swift; sourceTree = "<group>"; };
		594521259BA14B77BB826A32 /* FleetHubApp.swift */ = {isa = PBXFileReference; lastKnownFileType = sourcecode.swift; path = FleetHubApp.swift; sourceTree = "<group>"; };
		6811782891FCA4B518C6C090 /* FleetWorkspace.swift */ = {isa = PBXFileReference; lastKnownFileType = sourcecode.swift; path = FleetWorkspace.swift; sourceTree = "<group>"; };
		76958456E0055ED81DABD5FD /* FleetWebView.swift */ = {isa = PBXFileReference; lastKnownFileType = sourcecode.swift; path = FleetWebView.swift; sourceTree = "<group>"; };
		7B704AF39E5CC584C317CDFF /* FleetHubTests.swift */ = {isa = PBXFileReference; lastKnownFileType = sourcecode.swift; path = FleetHubTests.swift; sourceTree = "<group>"; };
		8F77734466DE353D3C455BB1 /* Assets.xcassets */ = {isa = PBXFileReference; lastKnownFileType = folder.assetcatalog; path = Assets.xcassets; sourceTree = "<group>"; };
		90248077BE71DE75C0947E10 /* SidebarViews.swift */ = {isa = PBXFileReference; lastKnownFileType = sourcecode.swift; path = SidebarViews.swift; sourceTree = "<group>"; };
		C1299000317C5B56804F705B /* FleetHubUITests.xctest */ = {isa = PBXFileReference; includeInIndex = 0; lastKnownFileType = wrapper.cfbundle; path = FleetHubUITests.xctest; sourceTree = BUILT_PRODUCTS_DIR; };
		C88DD2D20B7023401439699C /* FleetStore.swift */ = {isa = PBXFileReference; lastKnownFileType = sourcecode.swift; path = FleetStore.swift; sourceTree = "<group>"; };
		D8ADF1B3E850B159B52ED8DD /* Models.swift */ = {isa = PBXFileReference; lastKnownFileType = sourcecode.swift; path = Models.swift; sourceTree = "<group>"; };
		FB550FA84538C3D708D2C7C9 /* FleetHub.app */ = {isa = PBXFileReference; includeInIndex = 0; lastKnownFileType = wrapper.application; path = FleetHub.app; sourceTree = BUILT_PRODUCTS_DIR; };
/* End PBXFileReference section */

/* Begin PBXGroup section */
		38BA0C3DED77A45E60B44100 = {
			isa = PBXGroup;
			children = (
				98534BDCA65536CE68372267 /* dashboard */,
				7E3A85B8987D4FE44CDD7A8A /* FleetHub */,
				4F44D8DDDBF98DEA60380236 /* Swift */,
				D11EBCED8399634075576F4F /* UI */,
				87DA0F2B8E3849C074C9CEEF /* Products */,
			);
			sourceTree = "<group>";
		};
		4F44D8DDDBF98DEA60380236 /* Swift */ = {
			isa = PBXGroup;
			children = (
				7B704AF39E5CC584C317CDFF /* FleetHubTests.swift */,
			);
			name = Swift;
			path = Tests/Swift;
			sourceTree = "<group>";
		};
		7E3A85B8987D4FE44CDD7A8A /* FleetHub */ = {
			isa = PBXGroup;
			children = (
				8F77734466DE353D3C455BB1 /* Assets.xcassets */,
				594521259BA14B77BB826A32 /* FleetHubApp.swift */,
				C88DD2D20B7023401439699C /* FleetStore.swift */,
				76958456E0055ED81DABD5FD /* FleetWebView.swift */,
				6811782891FCA4B518C6C090 /* FleetWorkspace.swift */,
				0DC6316646EDA892B1814F14 /* Info.plist */,
				D8ADF1B3E850B159B52ED8DD /* Models.swift */,
				90248077BE71DE75C0947E10 /* SidebarViews.swift */,
				04C9E888944560B849DF7DFD /* TitaniumStyle.swift */,
			);
			path = FleetHub;
			sourceTree = "<group>";
		};
		87DA0F2B8E3849C074C9CEEF /* Products */ = {
			isa = PBXGroup;
			children = (
				FB550FA84538C3D708D2C7C9 /* FleetHub.app */,
				2D76CAE56A17808F76094E55 /* FleetHubTests.xctest */,
				C1299000317C5B56804F705B /* FleetHubUITests.xctest */,
			);
			name = Products;
			sourceTree = "<group>";
		};
		98534BDCA65536CE68372267 /* dashboard */ = {
			isa = PBXGroup;
			children = (
				2B34CB87E7F673CA80EE05B6 /* titanium.json */,
			);
			name = dashboard;
			path = ../server/dashboard;
			sourceTree = "<group>";
		};
		D11EBCED8399634075576F4F /* UI */ = {
			isa = PBXGroup;
			children = (
				49B145BF4474DB32DD1BAD00 /* FleetHubUITests.swift */,
			);
			name = UI;
			path = Tests/UI;
			sourceTree = "<group>";
		};
/* End PBXGroup section */

/* Begin PBXNativeTarget section */
		66E5B674FCFE3A3CB98E59E8 /* FleetHub */ = {
			isa = PBXNativeTarget;
			buildConfigurationList = FA045BAD388A3AAE116DDD3F /* Build configuration list for PBXNativeTarget "FleetHub" */;
			buildPhases = (
				C73798B6CBB8D84B5D4A2CA2 /* Sources */,
				031CE98DD3AAF6B1ED010990 /* Resources */,
			);
			buildRules = (
			);
			dependencies = (
			);
			name = FleetHub;
			packageProductDependencies = (
			);
			productName = FleetHub;
			productReference = FB550FA84538C3D708D2C7C9 /* FleetHub.app */;
			productType = "com.apple.product-type.application";
		};
		C19F8A6D1191ED309CDFB47B /* FleetHubTests */ = {
			isa = PBXNativeTarget;
			buildConfigurationList = A0C7FEE8CED687B5EBF6F6AB /* Build configuration list for PBXNativeTarget "FleetHubTests" */;
			buildPhases = (
				E4DCA4C77905B19B9736B983 /* Sources */,
			);
			buildRules = (
			);
			dependencies = (
				C3DD3E40EC9DF2E4DABDFC50 /* PBXTargetDependency */,
			);
			name = FleetHubTests;
			packageProductDependencies = (
			);
			productName = FleetHubTests;
			productReference = 2D76CAE56A17808F76094E55 /* FleetHubTests.xctest */;
			productType = "com.apple.product-type.bundle.unit-test";
		};
		E0A85300AF6774E9F38466A0 /* FleetHubUITests */ = {
			isa = PBXNativeTarget;
			buildConfigurationList = B3102A8D003A8EEB94BFEFD2 /* Build configuration list for PBXNativeTarget "FleetHubUITests" */;
			buildPhases = (
				643B5E3D5506D4140D6F79BD /* Sources */,
			);
			buildRules = (
			);
			dependencies = (
				7759E5BA4D7A5F1DDB9ED99E /* PBXTargetDependency */,
			);
			name = FleetHubUITests;
			packageProductDependencies = (
			);
			productName = FleetHubUITests;
			productReference = C1299000317C5B56804F705B /* FleetHubUITests.xctest */;
			productType = "com.apple.product-type.bundle.ui-testing";
		};
/* End PBXNativeTarget section */

/* Begin PBXProject section */
		97B5EE9F7192D086AC71ED2D /* Project object */ = {
			isa = PBXProject;
			attributes = {
				BuildIndependentTargetsInParallel = YES;
				LastUpgradeCheck = 1430;
				TargetAttributes = {
					66E5B674FCFE3A3CB98E59E8 = {
						ProvisioningStyle = Automatic;
					};
					C19F8A6D1191ED309CDFB47B = {
						ProvisioningStyle = Automatic;
					};
					E0A85300AF6774E9F38466A0 = {
						ProvisioningStyle = Automatic;
						TestTargetID = 66E5B674FCFE3A3CB98E59E8;
					};
				};
			};
			buildConfigurationList = 571BFA3A8CFE2A44DDA78F45 /* Build configuration list for PBXProject "FleetHub" */;
			developmentRegion = en;
			hasScannedForEncodings = 0;
			knownRegions = (
				Base,
				en,
			);
			mainGroup = 38BA0C3DED77A45E60B44100;
			minimizedProjectReferenceProxies = 1;
			preferredProjectObjectVersion = 77;
			productRefGroup = 87DA0F2B8E3849C074C9CEEF /* Products */;
			projectDirPath = "";
			projectRoot = "";
			targets = (
				66E5B674FCFE3A3CB98E59E8 /* FleetHub */,
				C19F8A6D1191ED309CDFB47B /* FleetHubTests */,
				E0A85300AF6774E9F38466A0 /* FleetHubUITests */,
			);
		};
/* End PBXProject section */

/* Begin PBXResourcesBuildPhase section */
		031CE98DD3AAF6B1ED010990 /* Resources */ = {
			isa = PBXResourcesBuildPhase;
			buildActionMask = 2147483647;
			files = (
				36F17450961CE84915E159B0 /* Assets.xcassets in Resources */,
				CC95BB643121EBCCA366C090 /* titanium.json in Resources */,
			);
			runOnlyForDeploymentPostprocessing = 0;
		};
/* End PBXResourcesBuildPhase section */

/* Begin PBXSourcesBuildPhase section */
		643B5E3D5506D4140D6F79BD /* Sources */ = {
			isa = PBXSourcesBuildPhase;
			buildActionMask = 2147483647;
			files = (
				C0FC50CFB369C6EDFEDD4C13 /* FleetHubUITests.swift in Sources */,
			);
			runOnlyForDeploymentPostprocessing = 0;
		};
		C73798B6CBB8D84B5D4A2CA2 /* Sources */ = {
			isa = PBXSourcesBuildPhase;
			buildActionMask = 2147483647;
			files = (
				E383B0135266FB014B9385D3 /* FleetHubApp.swift in Sources */,
				7E4CAE750F213C594D664602 /* FleetStore.swift in Sources */,
				D08CCB6BA25074ECF987D33A /* FleetWebView.swift in Sources */,
				A05C8E1902B8B662508B4EEB /* FleetWorkspace.swift in Sources */,
				D4CF24362D0609649933EADB /* Models.swift in Sources */,
				28046202DEBAD809BDBD2D87 /* SidebarViews.swift in Sources */,
				16A4F116FEFF3AB674457A9E /* TitaniumStyle.swift in Sources */,
			);
			runOnlyForDeploymentPostprocessing = 0;
		};
		E4DCA4C77905B19B9736B983 /* Sources */ = {
			isa = PBXSourcesBuildPhase;
			buildActionMask = 2147483647;
			files = (
				054779928135E5E7561E2B71 /* FleetHubTests.swift in Sources */,
			);
			runOnlyForDeploymentPostprocessing = 0;
		};
/* End PBXSourcesBuildPhase section */

/* Begin PBXTargetDependency section */
		7759E5BA4D7A5F1DDB9ED99E /* PBXTargetDependency */ = {
			isa = PBXTargetDependency;
			target = 66E5B674FCFE3A3CB98E59E8 /* FleetHub */;
			targetProxy = 7A69A40C9801081A718413A9 /* PBXContainerItemProxy */;
		};
		C3DD3E40EC9DF2E4DABDFC50 /* PBXTargetDependency */ = {
			isa = PBXTargetDependency;
			target = 66E5B674FCFE3A3CB98E59E8 /* FleetHub */;
			targetProxy = C8F54E0EAC6921E486DCF4AF /* PBXContainerItemProxy */;
		};
/* End PBXTargetDependency section */

/* Begin XCBuildConfiguration section */
		0175B170B5F365FDB2E2587A /* Release */ = {
			isa = XCBuildConfiguration;
			buildSettings = {
				BUNDLE_LOADER = "$(TEST_HOST)";
				LD_RUNPATH_SEARCH_PATHS = (
					"$(inherited)",
					"@executable_path/Frameworks",
					"@loader_path/Frameworks",
				);
				PRODUCT_BUNDLE_IDENTIFIER = com.macfleet.FleetHubTests;
				SDKROOT = iphoneos;
				TARGETED_DEVICE_FAMILY = "1,2";
				TEST_HOST = "$(BUILT_PRODUCTS_DIR)/FleetHub.app/FleetHub";
			};
			name = Release;
		};
		019DF19157180867F5BEFF88 /* Release */ = {
			isa = XCBuildConfiguration;
			buildSettings = {
				BUNDLE_LOADER = "$(TEST_HOST)";
				LD_RUNPATH_SEARCH_PATHS = (
					"$(inherited)",
					"@executable_path/Frameworks",
					"@loader_path/Frameworks",
				);
				PRODUCT_BUNDLE_IDENTIFIER = com.macfleet.FleetHubUITests;
				SDKROOT = iphoneos;
				TARGETED_DEVICE_FAMILY = "1,2";
				TEST_TARGET_NAME = FleetHub;
			};
			name = Release;
		};
		23B66BEBAEBAA5808EBF024E /* Release */ = {
			isa = XCBuildConfiguration;
			buildSettings = {
				ASSETCATALOG_COMPILER_APPICON_NAME = AppIcon;
				CODE_SIGN_IDENTITY = "iPhone Developer";
				GENERATE_INFOPLIST_FILE = NO;
				INFOPLIST_FILE = FleetHub/Info.plist;
				LD_RUNPATH_SEARCH_PATHS = (
					"$(inherited)",
					"@executable_path/Frameworks",
				);
				PRODUCT_BUNDLE_IDENTIFIER = com.macfleet.FleetHub;
				SDKROOT = iphoneos;
				TARGETED_DEVICE_FAMILY = "1,2";
			};
			name = Release;
		};
		503DA5559E03EDEB26AB80C9 /* Release */ = {
			isa = XCBuildConfiguration;
			buildSettings = {
				ALWAYS_SEARCH_USER_PATHS = NO;
				CLANG_ANALYZER_NONNULL = YES;
				CLANG_ANALYZER_NUMBER_OBJECT_CONVERSION = YES_AGGRESSIVE;
				CLANG_CXX_LANGUAGE_STANDARD = "gnu++14";
				CLANG_CXX_LIBRARY = "libc++";
				CLANG_ENABLE_MODULES = YES;
				CLANG_ENABLE_OBJC_ARC = YES;
				CLANG_ENABLE_OBJC_WEAK = YES;
				CLANG_WARN_BLOCK_CAPTURE_AUTORELEASING = YES;
				CLANG_WARN_BOOL_CONVERSION = YES;
				CLANG_WARN_COMMA = YES;
				CLANG_WARN_CONSTANT_CONVERSION = YES;
				CLANG_WARN_DEPRECATED_OBJC_IMPLEMENTATIONS = YES;
				CLANG_WARN_DIRECT_OBJC_ISA_USAGE = YES_ERROR;
				CLANG_WARN_DOCUMENTATION_COMMENTS = YES;
				CLANG_WARN_EMPTY_BODY = YES;
				CLANG_WARN_ENUM_CONVERSION = YES;
				CLANG_WARN_INFINITE_RECURSION = YES;
				CLANG_WARN_INT_CONVERSION = YES;
				CLANG_WARN_NON_LITERAL_NULL_CONVERSION = YES;
				CLANG_WARN_OBJC_IMPLICIT_RETAIN_SELF = YES;
				CLANG_WARN_OBJC_LITERAL_CONVERSION = YES;
				CLANG_WARN_OBJC_ROOT_CLASS = YES_ERROR;
				CLANG_WARN_QUOTED_INCLUDE_IN_FRAMEWORK_HEADER = YES;
				CLANG_WARN_RANGE_LOOP_ANALYSIS = YES;
				CLANG_WARN_STRICT_PROTOTYPES = YES;
				CLANG_WARN_SUSPICIOUS_MOVE = YES;
				CLANG_WARN_UNGUARDED_AVAILABILITY = YES_AGGRESSIVE;
				CLANG_WARN_UNREACHABLE_CODE = YES;
				CLANG_WARN__DUPLICATE_METHOD_MATCH = YES;
				CODE_SIGN_STYLE = Automatic;
				COPY_PHASE_STRIP = NO;
				DEBUG_INFORMATION_FORMAT = "dwarf-with-dsym";
				ENABLE_NS_ASSERTIONS = NO;
				ENABLE_STRICT_OBJC_MSGSEND = YES;
				GCC_C_LANGUAGE_STANDARD = gnu11;
				GCC_NO_COMMON_BLOCKS = YES;
				GCC_WARN_64_TO_32_BIT_CONVERSION = YES;
				GCC_WARN_ABOUT_RETURN_TYPE = YES_ERROR;
				GCC_WARN_UNDECLARED_SELECTOR = YES;
				GCC_WARN_UNINITIALIZED_AUTOS = YES_AGGRESSIVE;
				GCC_WARN_UNUSED_FUNCTION = YES;
				GCC_WARN_UNUSED_VARIABLE = YES;
				IPHONEOS_DEPLOYMENT_TARGET = 17.0;
				MTL_ENABLE_DEBUG_INFO = NO;
				MTL_FAST_MATH = YES;
				PRODUCT_NAME = "$(TARGET_NAME)";
				SDKROOT = iphoneos;
				SWIFT_COMPILATION_MODE = wholemodule;
				SWIFT_OPTIMIZATION_LEVEL = "-O";
				SWIFT_VERSION = 5.0;
				TARGETED_DEVICE_FAMILY = "1,2";
			};
			name = Release;
		};
		68DFB60F36F29C8F3098A309 /* Debug */ = {
			isa = XCBuildConfiguration;
			buildSettings = {
				ASSETCATALOG_COMPILER_APPICON_NAME = AppIcon;
				CODE_SIGN_IDENTITY = "iPhone Developer";
				GENERATE_INFOPLIST_FILE = NO;
				INFOPLIST_FILE = FleetHub/Info.plist;
				INFOPLIST_KEY_NSAppTransportSecurity_NSAllowsLocalNetworking = YES;
				LD_RUNPATH_SEARCH_PATHS = (
					"$(inherited)",
					"@executable_path/Frameworks",
				);
				PRODUCT_BUNDLE_IDENTIFIER = com.macfleet.FleetHub;
				SDKROOT = iphoneos;
				TARGETED_DEVICE_FAMILY = "1,2";
			};
			name = Debug;
		};
		9D41AFEA4F968230A88ED00B /* Debug */ = {
			isa = XCBuildConfiguration;
			buildSettings = {
				BUNDLE_LOADER = "$(TEST_HOST)";
				LD_RUNPATH_SEARCH_PATHS = (
					"$(inherited)",
					"@executable_path/Frameworks",
					"@loader_path/Frameworks",
				);
				PRODUCT_BUNDLE_IDENTIFIER = com.macfleet.FleetHubUITests;
				SDKROOT = iphoneos;
				TARGETED_DEVICE_FAMILY = "1,2";
				TEST_TARGET_NAME = FleetHub;
			};
			name = Debug;
		};
		9E89C4E6C7BE55B34094A357 /* Debug */ = {
			isa = XCBuildConfiguration;
			buildSettings = {
				BUNDLE_LOADER = "$(TEST_HOST)";
				LD_RUNPATH_SEARCH_PATHS = (
					"$(inherited)",
					"@executable_path/Frameworks",
					"@loader_path/Frameworks",
				);
				PRODUCT_BUNDLE_IDENTIFIER = com.macfleet.FleetHubTests;
				SDKROOT = iphoneos;
				TARGETED_DEVICE_FAMILY = "1,2";
				TEST_HOST = "$(BUILT_PRODUCTS_DIR)/FleetHub.app/FleetHub";
			};
			name = Debug;
		};
		BEB1F2416B640B9BE42D608E /* Debug */ = {
			isa = XCBuildConfiguration;
			buildSettings = {
				ALWAYS_SEARCH_USER_PATHS = NO;
				CLANG_ANALYZER_NONNULL = YES;
				CLANG_ANALYZER_NUMBER_OBJECT_CONVERSION = YES_AGGRESSIVE;
				CLANG_CXX_LANGUAGE_STANDARD = "gnu++14";
				CLANG_CXX_LIBRARY = "libc++";
				CLANG_ENABLE_MODULES = YES;
				CLANG_ENABLE_OBJC_ARC = YES;
				CLANG_ENABLE_OBJC_WEAK = YES;
				CLANG_WARN_BLOCK_CAPTURE_AUTORELEASING = YES;
				CLANG_WARN_BOOL_CONVERSION = YES;
				CLANG_WARN_COMMA = YES;
				CLANG_WARN_CONSTANT_CONVERSION = YES;
				CLANG_WARN_DEPRECATED_OBJC_IMPLEMENTATIONS = YES;
				CLANG_WARN_DIRECT_OBJC_ISA_USAGE = YES_ERROR;
				CLANG_WARN_DOCUMENTATION_COMMENTS = YES;
				CLANG_WARN_EMPTY_BODY = YES;
				CLANG_WARN_ENUM_CONVERSION = YES;
				CLANG_WARN_INFINITE_RECURSION = YES;
				CLANG_WARN_INT_CONVERSION = YES;
				CLANG_WARN_NON_LITERAL_NULL_CONVERSION = YES;
				CLANG_WARN_OBJC_IMPLICIT_RETAIN_SELF = YES;
				CLANG_WARN_OBJC_LITERAL_CONVERSION = YES;
				CLANG_WARN_OBJC_ROOT_CLASS = YES_ERROR;
				CLANG_WARN_QUOTED_INCLUDE_IN_FRAMEWORK_HEADER = YES;
				CLANG_WARN_RANGE_LOOP_ANALYSIS = YES;
				CLANG_WARN_STRICT_PROTOTYPES = YES;
				CLANG_WARN_SUSPICIOUS_MOVE = YES;
				CLANG_WARN_UNGUARDED_AVAILABILITY = YES_AGGRESSIVE;
				CLANG_WARN_UNREACHABLE_CODE = YES;
				CLANG_WARN__DUPLICATE_METHOD_MATCH = YES;
				CODE_SIGN_STYLE = Automatic;
				COPY_PHASE_STRIP = NO;
				DEBUG_INFORMATION_FORMAT = dwarf;
				ENABLE_STRICT_OBJC_MSGSEND = YES;
				ENABLE_TESTABILITY = YES;
				GCC_C_LANGUAGE_STANDARD = gnu11;
				GCC_DYNAMIC_NO_PIC = NO;
				GCC_NO_COMMON_BLOCKS = YES;
				GCC_OPTIMIZATION_LEVEL = 0;
				GCC_PREPROCESSOR_DEFINITIONS = (
					"$(inherited)",
					"DEBUG=1",
				);
				GCC_WARN_64_TO_32_BIT_CONVERSION = YES;
				GCC_WARN_ABOUT_RETURN_TYPE = YES_ERROR;
				GCC_WARN_UNDECLARED_SELECTOR = YES;
				GCC_WARN_UNINITIALIZED_AUTOS = YES_AGGRESSIVE;
				GCC_WARN_UNUSED_FUNCTION = YES;
				GCC_WARN_UNUSED_VARIABLE = YES;
				IPHONEOS_DEPLOYMENT_TARGET = 17.0;
				MTL_ENABLE_DEBUG_INFO = INCLUDE_SOURCE;
				MTL_FAST_MATH = YES;
				ONLY_ACTIVE_ARCH = YES;
				PRODUCT_NAME = "$(TARGET_NAME)";
				SDKROOT = iphoneos;
				SWIFT_ACTIVE_COMPILATION_CONDITIONS = DEBUG;
				SWIFT_OPTIMIZATION_LEVEL = "-Onone";
				SWIFT_VERSION = 5.0;
				TARGETED_DEVICE_FAMILY = "1,2";
			};
			name = Debug;
		};
/* End XCBuildConfiguration section */

/* Begin XCConfigurationList section */
		571BFA3A8CFE2A44DDA78F45 /* Build configuration list for PBXProject "FleetHub" */ = {
			isa = XCConfigurationList;
			buildConfigurations = (
				BEB1F2416B640B9BE42D608E /* Debug */,
				503DA5559E03EDEB26AB80C9 /* Release */,
			);
			defaultConfigurationIsVisible = 0;
			defaultConfigurationName = Debug;
		};
		A0C7FEE8CED687B5EBF6F6AB /* Build configuration list for PBXNativeTarget "FleetHubTests" */ = {
			isa = XCConfigurationList;
			buildConfigurations = (
				9E89C4E6C7BE55B34094A357 /* Debug */,
				0175B170B5F365FDB2E2587A /* Release */,
			);
			defaultConfigurationIsVisible = 0;
			defaultConfigurationName = Debug;
		};
		B3102A8D003A8EEB94BFEFD2 /* Build configuration list for PBXNativeTarget "FleetHubUITests" */ = {
			isa = XCConfigurationList;
			buildConfigurations = (
				9D41AFEA4F968230A88ED00B /* Debug */,
				019DF19157180867F5BEFF88 /* Release */,
			);
			defaultConfigurationIsVisible = 0;
			defaultConfigurationName = Debug;
		};
		FA045BAD388A3AAE116DDD3F /* Build configuration list for PBXNativeTarget "FleetHub" */ = {
			isa = XCConfigurationList;
			buildConfigurations = (
				68DFB60F36F29C8F3098A309 /* Debug */,
				23B66BEBAEBAA5808EBF024E /* Release */,
			);
			defaultConfigurationIsVisible = 0;
			defaultConfigurationName = Debug;
		};
/* End XCConfigurationList section */
	};
	rootObject = 97B5EE9F7192D086AC71ED2D /* Project object */;
}
